// !$*UTF8*$!
{
	archiveVersion = 1;
	classes = {
	};
	objectVersion = 56;
	objects = {

/* Begin PBXBuildFile section */
		CA37BE642B6006A5008AD5E3 /* AppDelegate.swift in Sources */ = {isa = PBXBuildFile; fileRef = CA37BE632B6006A5008AD5E3 /* AppDelegate.swift */; };
		CA37BE662B6006A5008AD5E3 /* SceneDelegate.swift in Sources */ = {isa = PBXBuildFile; fileRef = CA37BE652B6006A5008AD5E3 /* SceneDelegate.swift */; };
		CA37BE682B6006A5008AD5E3 /* ViewController.swift in Sources */ = {isa = PBXBuildFile; fileRef = CA37BE672B6006A5008AD5E3 /* ViewController.swift */; };
		CA37BE6B2B6006A5008AD5E3 /* Main.storyboard in Resources */ = {isa = PBXBuildFile; fileRef = CA37BE692B6006A5008AD5E3 /* Main.storyboard */; };
		CA37BE6D2B6006A7008AD5E3 /* Assets.xcassets in Resources */ = {isa = PBXBuildFile; fileRef = CA37BE6C2B6006A7008AD5E3 /* Assets.xcassets */; };
		CA37BE702B6006A7008AD5E3 /* LaunchScreen.storyboard in Resources */ = {isa = PBXBuildFile; fileRef = CA37BE6E2B6006A7008AD5E3 /* LaunchScreen.storyboard */; };
		CA37BE792B6009B8008AD5E3 /* Apollo in Frameworks */ = {isa = PBXBuildFile; productRef = CA37BE782B6009B8008AD5E3 /* Apollo */; };
		CA37BE7B2B6009B8008AD5E3 /* ApolloWebSocket in Frameworks */ = {isa = PBXBuildFile; productRef = CA37BE7A2B6009B8008AD5E3 /* ApolloWebSocket */; };
		CA37BE802B60130D008AD5E3 /* PomochAPI in Frameworks */ = {isa = PBXBuildFile; productRef = CA37BE7F2B60130D008AD5E3 /* PomochAPI */; };
		CA37BE822B60132A008AD5E3 /* Network.swift in Sources */ = {isa = PBXBuildFile; fileRef = CA37BE812B60132A008AD5E3 /* Network.swift */; };
		CA37BE842B6013F5008AD5E3 /* MainViewModel.swift in Sources */ = {isa = PBXBuildFile; fileRef = CA37BE832B6013F5008AD5E3 /* MainViewModel.swift */; };
		CA37BE892B6019D3008AD5E3 /* MainView.swift in Sources */ = {isa = PBXBuildFile; fileRef = CA37BE882B6019D3008AD5E3 /* MainView.swift */; };
		CA37BE8B2B601C5F008AD5E3 /* WardCell.swift in Sources */ = {isa = PBXBuildFile; fileRef = CA37BE8A2B601C5F008AD5E3 /* WardCell.swift */; };
		CAB739232B6291E100C2F44B /* Ward.swift in Sources */ = {isa = PBXBuildFile; fileRef = CAB739222B6291E100C2F44B /* Ward.swift */; };
		CAB739282B62B5FC00C2F44B /* WardViewController.swift in Sources */ = {isa = PBXBuildFile; fileRef = CAB739272B62B5FC00C2F44B /* WardViewController.swift */; };
/* End PBXBuildFile section */

/* Begin PBXFileReference section */
		CA37BE602B6006A5008AD5E3 /* pomosh--2024.app */ = {isa = PBXFileReference; explicitFileType = wrapper.application; includeInIndex = 0; path = "pomosh--2024.app"; sourceTree = BUILT_PRODUCTS_DIR; };
		CA37BE632B6006A5008AD5E3 /* AppDelegate.swift */ = {isa = PBXFileReference; lastKnownFileType = sourcecode.swift; path = AppDelegate.swift; sourceTree = "<group>"; };
		CA37BE652B6006A5008AD5E3 /* SceneDelegate.swift */ = {isa = PBXFileReference; lastKnownFileType = sourcecode.swift; path = SceneDelegate.swift; sourceTree = "<group>"; };
		CA37BE672B6006A5008AD5E3 /* ViewController.swift */ = {isa = PBXFileReference; lastKnownFileType = sourcecode.swift; path = ViewController.swift; sourceTree = "<group>"; };
		CA37BE6A2B6006A5008AD5E3 /* Base */ = {isa = PBXFileReference; lastKnownFileType = file.storyboard; name = Base; path = Base.lproj/Main.storyboard; sourceTree = "<group>"; };
		CA37BE6C2B6006A7008AD5E3 /* Assets.xcassets */ = {isa = PBXFileReference; lastKnownFileType = folder.assetcatalog; path = Assets.xcassets; sourceTree = "<group>"; };
		CA37BE6F2B6006A7008AD5E3 /* Base */ = {isa = PBXFileReference; lastKnownFileType = file.storyboard; name = Base; path = Base.lproj/LaunchScreen.storyboard; sourceTree = "<group>"; };
		CA37BE712B6006A7008AD5E3 /* Info.plist */ = {isa = PBXFileReference; lastKnownFileType = text.plist.xml; path = Info.plist; sourceTree = "<group>"; };
		CA37BE7D2B6012CB008AD5E3 /* PomochAPI */ = {isa = PBXFileReference; lastKnownFileType = wrapper; path = PomochAPI; sourceTree = "<group>"; };
		CA37BE812B60132A008AD5E3 /* Network.swift */ = {isa = PBXFileReference; lastKnownFileType = sourcecode.swift; path = Network.swift; sourceTree = "<group>"; };
		CA37BE832B6013F5008AD5E3 /* MainViewModel.swift */ = {isa = PBXFileReference; lastKnownFileType = sourcecode.swift; path = MainViewModel.swift; sourceTree = "<group>"; };
		CA37BE882B6019D3008AD5E3 /* MainView.swift */ = {isa = PBXFileReference; lastKnownFileType = sourcecode.swift; path = MainView.swift; sourceTree = "<group>"; };
		CA37BE8A2B601C5F008AD5E3 /* WardCell.swift */ = {isa = PBXFileReference; lastKnownFileType = sourcecode.swift; path = WardCell.swift; sourceTree = "<group>"; };
		CAB739222B6291E100C2F44B /* Ward.swift */ = {isa = PBXFileReference; lastKnownFileType = sourcecode.swift; path = Ward.swift; sourceTree = "<group>"; };
		CAB739272B62B5FC00C2F44B /* WardViewController.swift */ = {isa = PBXFileReference; lastKnownFileType = sourcecode.swift; path = WardViewController.swift; sourceTree = "<group>"; };
/* End PBXFileReference section */

/* Begin PBXFrameworksBuildPhase section */
		CA37BE5D2B6006A5008AD5E3 /* Frameworks */ = {
			isa = PBXFrameworksBuildPhase;
			buildActionMask = 2147483647;
			files = (
				CA37BE802B60130D008AD5E3 /* PomochAPI in Frameworks */,
				CA37BE792B6009B8008AD5E3 /* Apollo in Frameworks */,
				CA37BE7B2B6009B8008AD5E3 /* ApolloWebSocket in Frameworks */,
			);
			runOnlyForDeploymentPostprocessing = 0;
		};
/* End PBXFrameworksBuildPhase section */

/* Begin PBXGroup section */
		CA37BE572B6006A5008AD5E3 = {
			isa = PBXGroup;
			children = (
				CA37BE7C2B6012CB008AD5E3 /* Packages */,
				CA37BE622B6006A5008AD5E3 /* pomosh--2024 */,
				CA37BE612B6006A5008AD5E3 /* Products */,
				CA37BE7E2B60130D008AD5E3 /* Frameworks */,
			);
			sourceTree = "<group>";
		};
		CA37BE612B6006A5008AD5E3 /* Products */ = {
			isa = PBXGroup;
			children = (
				CA37BE602B6006A5008AD5E3 /* pomosh--2024.app */,
			);
			name = Products;
			sourceTree = "<group>";
		};
		CA37BE622B6006A5008AD5E3 /* pomosh--2024 */ = {
			isa = PBXGroup;
			children = (
				CAB739262B62B5DA00C2F44B /* WardModule */,
				CAB739242B62B47000C2F44B /* WardTableModule */,
				CA37BE632B6006A5008AD5E3 /* AppDelegate.swift */,
				CA37BE652B6006A5008AD5E3 /* SceneDelegate.swift */,
				CA37BE692B6006A5008AD5E3 /* Main.storyboard */,
				CA37BE6C2B6006A7008AD5E3 /* Assets.xcassets */,
				CA37BE6E2B6006A7008AD5E3 /* LaunchScreen.storyboard */,
				CA37BE712B6006A7008AD5E3 /* Info.plist */,
			);
			path = "pomosh--2024";
			sourceTree = "<group>";
		};
		CA37BE7C2B6012CB008AD5E3 /* Packages */ = {
			isa = PBXGroup;
			children = (
				CA37BE7D2B6012CB008AD5E3 /* PomochAPI */,
			);
			name = Packages;
			sourceTree = "<group>";
		};
		CA37BE7E2B60130D008AD5E3 /* Frameworks */ = {
			isa = PBXGroup;
			children = (
			);
			name = Frameworks;
			sourceTree = "<group>";
		};
		CA37BE852B601711008AD5E3 /* Model */ = {
			isa = PBXGroup;
			children = (
				CA37BE862B60171A008AD5E3 /* Network */,
				CAB739222B6291E100C2F44B /* Ward.swift */,
			);
			path = Model;
			sourceTree = "<group>";
		};
		CA37BE862B60171A008AD5E3 /* Network */ = {
			isa = PBXGroup;
			children = (
				CA37BE812B60132A008AD5E3 /* Network.swift */,
			);
			path = Network;
			sourceTree = "<group>";
		};
		CA37BE872B6019C2008AD5E3 /* View */ = {
			isa = PBXGroup;
			children = (
				CA37BE672B6006A5008AD5E3 /* ViewController.swift */,
				CA37BE882B6019D3008AD5E3 /* MainView.swift */,
				CA37BE8A2B601C5F008AD5E3 /* WardCell.swift */,
			);
			path = View;
			sourceTree = "<group>";
		};
		CAB739242B62B47000C2F44B /* WardTableModule */ = {
			isa = PBXGroup;
			children = (
				CAB739252B62B48900C2F44B /* ViewModel */,
				CA37BE852B601711008AD5E3 /* Model */,
				CA37BE872B6019C2008AD5E3 /* View */,
			);
			path = WardTableModule;
			sourceTree = "<group>";
		};
		CAB739252B62B48900C2F44B /* ViewModel */ = {
			isa = PBXGroup;
			children = (
				CA37BE832B6013F5008AD5E3 /* MainViewModel.swift */,
			);
			path = ViewModel;
			sourceTree = "<group>";
		};
		CAB739262B62B5DA00C2F44B /* WardModule */ = {
			isa = PBXGroup;
			children = (
				CAB739272B62B5FC00C2F44B /* WardViewController.swift */,
			);
			path = WardModule;
			sourceTree = "<group>";
		};
/* End PBXGroup section */

/* Begin PBXNativeTarget section */
		CA37BE5F2B6006A5008AD5E3 /* pomosh--2024 */ = {
			isa = PBXNativeTarget;
			buildConfigurationList = CA37BE742B6006A7008AD5E3 /* Build configuration list for PBXNativeTarget "pomosh--2024" */;
			buildPhases = (
				CA37BE5C2B6006A5008AD5E3 /* Sources */,
				CA37BE5D2B6006A5008AD5E3 /* Frameworks */,
				CA37BE5E2B6006A5008AD5E3 /* Resources */,
			);
			buildRules = (
			);
			dependencies = (
			);
			name = "pomosh--2024";
			packageProductDependencies = (
				CA37BE782B6009B8008AD5E3 /* Apollo */,
				CA37BE7A2B6009B8008AD5E3 /* ApolloWebSocket */,
				CA37BE7F2B60130D008AD5E3 /* PomochAPI */,
			);
			productName = "pomosh--2024";
			productReference = CA37BE602B6006A5008AD5E3 /* pomosh--2024.app */;
			productType = "com.apple.product-type.application";
		};
/* End PBXNativeTarget section */

/* Begin PBXProject section */
		CA37BE582B6006A5008AD5E3 /* Project object */ = {
			isa = PBXProject;
			attributes = {
				BuildIndependentTargetsInParallel = 1;
				LastSwiftUpdateCheck = 1430;
				LastUpgradeCheck = 1430;
				TargetAttributes = {
					CA37BE5F2B6006A5008AD5E3 = {
						CreatedOnToolsVersion = 14.3.1;
					};
				};
			};
			buildConfigurationList = CA37BE5B2B6006A5008AD5E3 /* Build configuration list for PBXProject "pomosh--2024" */;
			compatibilityVersion = "Xcode 14.0";
			developmentRegion = en;
			hasScannedForEncodings = 0;
			knownRegions = (
				en,
				Base,
			);
			mainGroup = CA37BE572B6006A5008AD5E3;
			packageReferences = (
				CA37BE772B6009B8008AD5E3 /* XCRemoteSwiftPackageReference "apollo-ios" */,
			);
			productRefGroup = CA37BE612B6006A5008AD5E3 /* Products */;
			projectDirPath = "";
			projectRoot = "";
			targets = (
				CA37BE5F2B6006A5008AD5E3 /* pomosh--2024 */,
			);
		};
/* End PBXProject section */

/* Begin PBXResourcesBuildPhase section */
		CA37BE5E2B6006A5008AD5E3 /* Resources */ = {
			isa = PBXResourcesBuildPhase;
			buildActionMask = 2147483647;
			files = (
				CA37BE702B6006A7008AD5E3 /* LaunchScreen.storyboard in Resources */,
				CA37BE6D2B6006A7008AD5E3 /* Assets.xcassets in Resources */,
				CA37BE6B2B6006A5008AD5E3 /* Main.storyboard in Resources */,
			);
			runOnlyForDeploymentPostprocessing = 0;
		};
/* End PBXResourcesBuildPhase section */

/* Begin PBXSourcesBuildPhase section */
		CA37BE5C2B6006A5008AD5E3 /* Sources */ = {
			isa = PBXSourcesBuildPhase;
			buildActionMask = 2147483647;
			files = (
				CA37BE8B2B601C5F008AD5E3 /* WardCell.swift in Sources */,
				CA37BE842B6013F5008AD5E3 /* MainViewModel.swift in Sources */,
				CA37BE892B6019D3008AD5E3 /* MainView.swift in Sources */,
				CAB739232B6291E100C2F44B /* Ward.swift in Sources */,
				CA37BE682B6006A5008AD5E3 /* ViewController.swift in Sources */,
				CAB739282B62B5FC00C2F44B /* WardViewController.swift in Sources */,
				CA37BE642B6006A5008AD5E3 /* AppDelegate.swift in Sources */,
				CA37BE822B60132A008AD5E3 /* Network.swift in Sources */,
				CA37BE662B6006A5008AD5E3 /* SceneDelegate.swift in Sources */,
			);
			runOnlyForDeploymentPostprocessing = 0;
		};
/* End PBXSourcesBuildPhase section */

/* Begin PBXVariantGroup section */
		CA37BE692B6006A5008AD5E3 /* Main.storyboard */ = {
			isa = PBXVariantGroup;
			children = (
				CA37BE6A2B6006A5008AD5E3 /* Base */,
			);
			name = Main.storyboard;
			sourceTree = "<group>";
		};
		CA37BE6E2B6006A7008AD5E3 /* LaunchScreen.storyboard */ = {
			isa = PBXVariantGroup;
			children = (
				CA37BE6F2B6006A7008AD5E3 /* Base */,
			);
			name = LaunchScreen.storyboard;
			sourceTree = "<group>";
		};
/* End PBXVariantGroup section */

/* Begin XCBuildConfiguration section */
		CA37BE722B6006A7008AD5E3 /* Debug */ = {
			isa = XCBuildConfiguration;
			buildSettings = {
				ALWAYS_SEARCH_USER_PATHS = NO;
				CLANG_ANALYZER_NONNULL = YES;
				CLANG_ANALYZER_NUMBER_OBJECT_CONVERSION = YES_AGGRESSIVE;
				CLANG_CXX_LANGUAGE_STANDARD = "gnu++20";
				CLANG_ENABLE_MODULES = YES;
				CLANG_ENABLE_OBJC_ARC = YES;
				CLANG_ENABLE_OBJC_WEAK = YES;
				CLANG_WARN_BLOCK_CAPTURE_AUTORELEASING = YES;
				CLANG_WARN_BOOL_CONVERSION = YES;
				CLANG_WARN_COMMA = YES;
				CLANG_WARN_CONSTANT_CONVERSION = YES;
				CLANG_WARN_DEPRECATED_OBJC_IMPLEMENTATIONS = YES;
				CLANG_WARN_DIRECT_OBJC_ISA_USAGE = YES_ERROR;
				CLANG_WARN_DOCUMENTATION_COMMENTS = YES;
				CLANG_WARN_EMPTY_BODY = YES;
				CLANG_WARN_ENUM_CONVERSION = YES;
				CLANG_WARN_INFINITE_RECURSION = YES;
				CLANG_WARN_INT_CONVERSION = YES;
				CLANG_WARN_NON_LITERAL_NULL_CONVERSION = YES;
				CLANG_WARN_OBJC_IMPLICIT_RETAIN_SELF = YES;
				CLANG_WARN_OBJC_LITERAL_CONVERSION = YES;
				CLANG_WARN_OBJC_ROOT_CLASS = YES_ERROR;
				CLANG_WARN_QUOTED_INCLUDE_IN_FRAMEWORK_HEADER = YES;
				CLANG_WARN_RANGE_LOOP_ANALYSIS = YES;
				CLANG_WARN_STRICT_PROTOTYPES = YES;
				CLANG_WARN_SUSPICIOUS_MOVE = YES;
				CLANG_WARN_UNGUARDED_AVAILABILITY = YES_AGGRESSIVE;
				CLANG_WARN_UNREACHABLE_CODE = YES;
				CLANG_WARN__DUPLICATE_METHOD_MATCH = YES;
				COPY_PHASE_STRIP = NO;
				DEBUG_INFORMATION_FORMAT = dwarf;
				ENABLE_STRICT_OBJC_MSGSEND = YES;
				ENABLE_TESTABILITY = YES;
				GCC_C_LANGUAGE_STANDARD = gnu11;
				GCC_DYNAMIC_NO_PIC = NO;
				GCC_NO_COMMON_BLOCKS = YES;
				GCC_OPTIMIZATION_LEVEL = 0;
				GCC_PREPROCESSOR_DEFINITIONS = (
					"DEBUG=1",
					"$(inherited)",
				);
				GCC_WARN_64_TO_32_BIT_CONVERSION = YES;
				GCC_WARN_ABOUT_RETURN_TYPE = YES_ERROR;
				GCC_WARN_UNDECLARED_SELECTOR = YES;
				GCC_WARN_UNINITIALIZED_AUTOS = YES_AGGRESSIVE;
				GCC_WARN_UNUSED_FUNCTION = YES;
				GCC_WARN_UNUSED_VARIABLE = YES;
				IPHONEOS_DEPLOYMENT_TARGET = 16.4;
				MTL_ENABLE_DEBUG_INFO = INCLUDE_SOURCE;
				MTL_FAST_MATH = YES;
				ONLY_ACTIVE_ARCH = YES;
				SDKROOT = iphoneos;
				SWIFT_ACTIVE_COMPILATION_CONDITIONS = DEBUG;
				SWIFT_OPTIMIZATION_LEVEL = "-Onone";
			};
			name = Debug;
		};
		CA37BE732B6006A7008AD5E3 /* Release */ = {
			isa = XCBuildConfiguration;
			buildSettings = {
				ALWAYS_SEARCH_USER_PATHS = NO;
				CLANG_ANALYZER_NONNULL = YES;
				CLANG_ANALYZER_NUMBER_OBJECT_CONVERSION = YES_AGGRESSIVE;
				CLANG_CXX_LANGUAGE_STANDARD = "gnu++20";
				CLANG_ENABLE_MODULES = YES;
				CLANG_ENABLE_OBJC_ARC = YES;
				CLANG_ENABLE_OBJC_WEAK = YES;
				CLANG_WARN_BLOCK_CAPTURE_AUTORELEASING = YES;
				CLANG_WARN_BOOL_CONVERSION = YES;
				CLANG_WARN_COMMA = YES;
				CLANG_WARN_CONSTANT_CONVERSION = YES;
				CLANG_WARN_DEPRECATED_OBJC_IMPLEMENTATIONS = YES;
				CLANG_WARN_DIRECT_OBJC_ISA_USAGE = YES_ERROR;
				CLANG_WARN_DOCUMENTATION_COMMENTS = YES;
				CLANG_WARN_EMPTY_BODY = YES;
				CLANG_WARN_ENUM_CONVERSION = YES;
				CLANG_WARN_INFINITE_RECURSION = YES;
				CLANG_WARN_INT_CONVERSION = YES;
				CLANG_WARN_NON_LITERAL_NULL_CONVERSION = YES;
				CLANG_WARN_OBJC_IMPLICIT_RETAIN_SELF = YES;
				CLANG_WARN_OBJC_LITERAL_CONVERSION = YES;
				CLANG_WARN_OBJC_ROOT_CLASS = YES_ERROR;
				CLANG_WARN_QUOTED_INCLUDE_IN_FRAMEWORK_HEADER = YES;
				CLANG_WARN_RANGE_LOOP_ANALYSIS = YES;
				CLANG_WARN_STRICT_PROTOTYPES = YES;
				CLANG_WARN_SUSPICIOUS_MOVE = YES;
				CLANG_WARN_UNGUARDED_AVAILABILITY = YES_AGGRESSIVE;
				CLANG_WARN_UNREACHABLE_CODE = YES;
				CLANG_WARN__DUPLICATE_METHOD_MATCH = YES;
				COPY_PHASE_STRIP = NO;
				DEBUG_INFORMATION_FORMAT = "dwarf-with-dsym";
				ENABLE_NS_ASSERTIONS = NO;
				ENABLE_STRICT_OBJC_MSGSEND = YES;
				GCC_C_LANGUAGE_STANDARD = gnu11;
				GCC_NO_COMMON_BLOCKS = YES;
				GCC_WARN_64_TO_32_BIT_CONVERSION = YES;
				GCC_WARN_ABOUT_RETURN_TYPE = YES_ERROR;
				GCC_WARN_UNDECLARED_SELECTOR = YES;
				GCC_WARN_UNINITIALIZED_AUTOS = YES_AGGRESSIVE;
				GCC_WARN_UNUSED_FUNCTION = YES;
				GCC_WARN_UNUSED_VARIABLE = YES;
				IPHONEOS_DEPLOYMENT_TARGET = 16.4;
				MTL_ENABLE_DEBUG_INFO = NO;
				MTL_FAST_MATH = YES;
				SDKROOT = iphoneos;
				SWIFT_COMPILATION_MODE = wholemodule;
				SWIFT_OPTIMIZATION_LEVEL = "-O";
				VALIDATE_PRODUCT = YES;
			};
			name = Release;
		};
		CA37BE752B6006A7008AD5E3 /* Debug */ = {
			isa = XCBuildConfiguration;
			buildSettings = {
				ASSETCATALOG_COMPILER_APPICON_NAME = AppIcon;
				ASSETCATALOG_COMPILER_GLOBAL_ACCENT_COLOR_NAME = AccentColor;
				CODE_SIGN_STYLE = Automatic;
				CURRENT_PROJECT_VERSION = 1;
				DEVELOPMENT_TEAM = 2AFG9UBT5A;
				GENERATE_INFOPLIST_FILE = YES;
				INFOPLIST_FILE = "pomosh--2024/Info.plist";
				INFOPLIST_KEY_UIApplicationSupportsIndirectInputEvents = YES;
				INFOPLIST_KEY_UILaunchStoryboardName = LaunchScreen;
				INFOPLIST_KEY_UIMainStoryboardFile = Main;
				INFOPLIST_KEY_UISupportedInterfaceOrientations_iPad = "UIInterfaceOrientationPortrait UIInterfaceOrientationPortraitUpsideDown UIInterfaceOrientationLandscapeLeft UIInterfaceOrientationLandscapeRight";
				INFOPLIST_KEY_UISupportedInterfaceOrientations_iPhone = "UIInterfaceOrientationPortrait UIInterfaceOrientationLandscapeLeft UIInterfaceOrientationLandscapeRight";
				LD_RUNPATH_SEARCH_PATHS = (
					"$(inherited)",
					"@executable_path/Frameworks",
				);
				MARKETING_VERSION = 1.0;
				PRODUCT_BUNDLE_IDENTIFIER = "xd.pomosh--2024";
				PRODUCT_NAME = "$(TARGET_NAME)";
				SWIFT_EMIT_LOC_STRINGS = YES;
				SWIFT_VERSION = 5.0;
				TARGETED_DEVICE_FAMILY = "1,2";
			};
			name = Debug;
		};
		CA37BE762B6006A7008AD5E3 /* Release */ = {
			isa = XCBuildConfiguration;
			buildSettings = {
				ASSETCATALOG_COMPILER_APPICON_NAME = AppIcon;
				ASSETCATALOG_COMPILER_GLOBAL_ACCENT_COLOR_NAME = AccentColor;
				CODE_SIGN_STYLE = Automatic;
				CURRENT_PROJECT_VERSION = 1;
				DEVELOPMENT_TEAM = 2AFG9UBT5A;
				GENERATE_INFOPLIST_FILE = YES;
				INFOPLIST_FILE = "pomosh--2024/Info.plist";
				INFOPLIST_KEY_UIApplicationSupportsIndirectInputEvents = YES;
				INFOPLIST_KEY_UILaunchStoryboardName = LaunchScreen;
				INFOPLIST_KEY_UIMainStoryboardFile = Main;
				INFOPLIST_KEY_UISupportedInterfaceOrientations_iPad = "UIInterfaceOrientationPortrait UIInterfaceOrientationPortraitUpsideDown UIInterfaceOrientationLandscapeLeft UIInterfaceOrientationLandscapeRight";
				INFOPLIST_KEY_UISupportedInterfaceOrientations_iPhone = "UIInterfaceOrientationPortrait UIInterfaceOrientationLandscapeLeft UIInterfaceOrientationLandscapeRight";
				LD_RUNPATH_SEARCH_PATHS = (
					"$(inherited)",
					"@executable_path/Frameworks",
				);
				MARKETING_VERSION = 1.0;
				PRODUCT_BUNDLE_IDENTIFIER = "xd.pomosh--2024";
				PRODUCT_NAME = "$(TARGET_NAME)";
				SWIFT_EMIT_LOC_STRINGS = YES;
				SWIFT_VERSION = 5.0;
				TARGETED_DEVICE_FAMILY = "1,2";
			};
			name = Release;
		};
/* End XCBuildConfiguration section */

/* Begin XCConfigurationList section */
		CA37BE5B2B6006A5008AD5E3 /* Build configuration list for PBXProject "pomosh--2024" */ = {
			isa = XCConfigurationList;
			buildConfigurations = (
				CA37BE722B6006A7008AD5E3 /* Debug */,
				CA37BE732B6006A7008AD5E3 /* Release */,
			);
			defaultConfigurationIsVisible = 0;
			defaultConfigurationName = Release;
		};
		CA37BE742B6006A7008AD5E3 /* Build configuration list for PBXNativeTarget "pomosh--2024" */ = {
			isa = XCConfigurationList;
			buildConfigurations = (
				CA37BE752B6006A7008AD5E3 /* Debug */,
				CA37BE762B6006A7008AD5E3 /* Release */,
			);
			defaultConfigurationIsVisible = 0;
			defaultConfigurationName = Release;
		};
/* End XCConfigurationList section */

/* Begin XCRemoteSwiftPackageReference section */
		CA37BE772B6009B8008AD5E3 /* XCRemoteSwiftPackageReference "apollo-ios" */ = {
			isa = XCRemoteSwiftPackageReference;
			repositoryURL = "https://github.com/apollographql/apollo-ios";
			requirement = {
				kind = upToNextMajorVersion;
				minimumVersion = 1.0.0;
			};
		};
/* End XCRemoteSwiftPackageReference section */

/* Begin XCSwiftPackageProductDependency section */
		CA37BE782B6009B8008AD5E3 /* Apollo */ = {
			isa = XCSwiftPackageProductDependency;
			package = CA37BE772B6009B8008AD5E3 /* XCRemoteSwiftPackageReference "apollo-ios" */;
			productName = Apollo;
		};
		CA37BE7A2B6009B8008AD5E3 /* ApolloWebSocket */ = {
			isa = XCSwiftPackageProductDependency;
			package = CA37BE772B6009B8008AD5E3 /* XCRemoteSwiftPackageReference "apollo-ios" */;
			productName = ApolloWebSocket;
		};
		CA37BE7F2B60130D008AD5E3 /* PomochAPI */ = {
			isa = XCSwiftPackageProductDependency;
			productName = PomochAPI;
		};
/* End XCSwiftPackageProductDependency section */
	};
	rootObject = CA37BE582B6006A5008AD5E3 /* Project object */;
}
